// !$*UTF8*$!
{
	archiveVersion = 1;
	classes = {
	};
	objectVersion = 77;
	objects = {

/* Begin PBXBuildFile section */
		14F0F93696A55BA22CF6489A /* ViewModelType.swift in Sources */ = {isa = PBXBuildFile; fileRef = B223B7925BD9CBC0B75736AE /* ViewModelType.swift */; };
		159CD278F9680ECDB7E30FC3 /* Assets.xcassets in Resources */ = {isa = PBXBuildFile; fileRef = AB59B70C205C718D519C7642 /* Assets.xcassets */; };
		1883DA26CC6D753455DCFE74 /* AppleSignInController.swift in Sources */ = {isa = PBXBuildFile; fileRef = ABADA8DC142141024F59ED39 /* AppleSignInController.swift */; };
		1E2CEB38CA3F942643C71474 /* PlacesViewModel.swift in Sources */ = {isa = PBXBuildFile; fileRef = 9C37931CC09D9FCA166C26AA /* PlacesViewModel.swift */; };
		2400466CDBB2520444822967 /* SignInCoordinator.swift in Sources */ = {isa = PBXBuildFile; fileRef = DEBE17C4AB4E231DDA0BECE2 /* SignInCoordinator.swift */; };
		403FA837B8D851E7A5A959C1 /* AppCoordinator.swift in Sources */ = {isa = PBXBuildFile; fileRef = B9FFF6B5EA3E59E021557FC7 /* AppCoordinator.swift */; };
		587EF34A3A7968A08D2E1C0D /* SignInViewModel.swift in Sources */ = {isa = PBXBuildFile; fileRef = 104AB8A9D599F95B08B6DA8E /* SignInViewModel.swift */; };
		5E0FA77884D9B44CF03AEAE2 /* HereApp.swift in Sources */ = {isa = PBXBuildFile; fileRef = 655F5B277C047E2279F8F0C6 /* HereApp.swift */; };
		63236C2B602E60F4BF75461C /* Locatable.swift in Sources */ = {isa = PBXBuildFile; fileRef = 45AB69AC132443796527010F /* Locatable.swift */; };
		68DC3B3AE1A5A56D10F323C8 /* SettingsView.swift in Sources */ = {isa = PBXBuildFile; fileRef = B5D1A64FE5CD6084FEC7DE41 /* SettingsView.swift */; };
		69B062BFDC6F8949B66F717C /* PlacesView.swift in Sources */ = {isa = PBXBuildFile; fileRef = A62C0E144BA5F1C4F3CBC5FF /* PlacesView.swift */; };
		6F6DB51F812DC8278F35129A /* Coordinator.swift in Sources */ = {isa = PBXBuildFile; fileRef = 5F331B60F0722E79442FC747 /* Coordinator.swift */; };
		725180D7F9DB004E1B15DBA5 /* Keychain.swift in Sources */ = {isa = PBXBuildFile; fileRef = 2D084E5E96FC76EB1A888D74 /* Keychain.swift */; };
		90A301C549DCD95525C42403 /* APIClient.swift in Sources */ = {isa = PBXBuildFile; fileRef = 6938C796147553C4DDF3E1D3 /* APIClient.swift */; };
		95A4C41B119979E4D8FB0FC4 /* SignInView.swift in Sources */ = {isa = PBXBuildFile; fileRef = 9EA9A3073A3B88B6224A699C /* SignInView.swift */; };
		AFAC62A3FA98140000BD0BB0 /* AppEnvironment.swift in Sources */ = {isa = PBXBuildFile; fileRef = B0B40F04826EF5B49BDF22AC /* AppEnvironment.swift */; };
		B5795E00D75FA74BF66B1C3F /* SessionService.swift in Sources */ = {isa = PBXBuildFile; fileRef = E2B17A03BAD0630C875D422E /* SessionService.swift */; };
		BE5CFF1F314ECCF050FCED1A /* APIError.swift in Sources */ = {isa = PBXBuildFile; fileRef = 38C9FE44A0C5B339EAB66F80 /* APIError.swift */; };
		C363EE9CE8B6697DE4464D53 /* Locator+Dependencies.swift in Sources */ = {isa = PBXBuildFile; fileRef = 9CE766A344C7895A04E9109D /* Locator+Dependencies.swift */; };
		CA5A116CB474D199C7313D68 /* SupabaseAuthClient.swift in Sources */ = {isa = PBXBuildFile; fileRef = F2CCBFE8B5A8D1108A03E606 /* SupabaseAuthClient.swift */; };
		F07A38227312A43BE748C7A9 /* Place.swift in Sources */ = {isa = PBXBuildFile; fileRef = 6CE9FBD6269A3D00E2DFDB18 /* Place.swift */; };
		F63D6E7221428EFD94E749ED /* PlacesService.swift in Sources */ = {isa = PBXBuildFile; fileRef = 1A8354A325D7503E0C497383 /* PlacesService.swift */; };
		FBCCC80B88907E73025921BA /* Locator.swift in Sources */ = {isa = PBXBuildFile; fileRef = 7B0AE19F2AD27273AC3CBD35 /* Locator.swift */; };
/* End PBXBuildFile section */

/* Begin PBXFileReference section */
		104AB8A9D599F95B08B6DA8E /* SignInViewModel.swift */ = {isa = PBXFileReference; lastKnownFileType = sourcecode.swift; path = SignInViewModel.swift; sourceTree = "<group>"; };
		1A8354A325D7503E0C497383 /* PlacesService.swift */ = {isa = PBXFileReference; lastKnownFileType = sourcecode.swift; path = PlacesService.swift; sourceTree = "<group>"; };
		2D084E5E96FC76EB1A888D74 /* Keychain.swift */ = {isa = PBXFileReference; lastKnownFileType = sourcecode.swift; path = Keychain.swift; sourceTree = "<group>"; };
		2E333AEB139F9CEA8539440E /* Info.plist */ = {isa = PBXFileReference; lastKnownFileType = text.plist; path = Info.plist; sourceTree = "<group>"; };
		38C9FE44A0C5B339EAB66F80 /* APIError.swift */ = {isa = PBXFileReference; lastKnownFileType = sourcecode.swift; path = APIError.swift; sourceTree = "<group>"; };
		42027C5EE2F5314783AE6858 /* Here.entitlements */ = {isa = PBXFileReference; lastKnownFileType = text.plist.entitlements; path = Here.entitlements; sourceTree = "<group>"; };
		45AB69AC132443796527010F /* Locatable.swift */ = {isa = PBXFileReference; lastKnownFileType = sourcecode.swift; path = Locatable.swift; sourceTree = "<group>"; };
		5F331B60F0722E79442FC747 /* Coordinator.swift */ = {isa = PBXFileReference; lastKnownFileType = sourcecode.swift; path = Coordinator.swift; sourceTree = "<group>"; };
		655F5B277C047E2279F8F0C6 /* HereApp.swift */ = {isa = PBXFileReference; lastKnownFileType = sourcecode.swift; path = HereApp.swift; sourceTree = "<group>"; };
		6938C796147553C4DDF3E1D3 /* APIClient.swift */ = {isa = PBXFileReference; lastKnownFileType = sourcecode.swift; path = APIClient.swift; sourceTree = "<group>"; };
		6CE9FBD6269A3D00E2DFDB18 /* Place.swift */ = {isa = PBXFileReference; lastKnownFileType = sourcecode.swift; path = Place.swift; sourceTree = "<group>"; };
		708716DA761D582AC56B1804 /* Here.app */ = {isa = PBXFileReference; includeInIndex = 0; lastKnownFileType = wrapper.application; path = Here.app; sourceTree = BUILT_PRODUCTS_DIR; };
		7B0AE19F2AD27273AC3CBD35 /* Locator.swift */ = {isa = PBXFileReference; lastKnownFileType = sourcecode.swift; path = Locator.swift; sourceTree = "<group>"; };
		9C37931CC09D9FCA166C26AA /* PlacesViewModel.swift */ = {isa = PBXFileReference; lastKnownFileType = sourcecode.swift; path = PlacesViewModel.swift; sourceTree = "<group>"; };
		9CE766A344C7895A04E9109D /* Locator+Dependencies.swift */ = {isa = PBXFileReference; lastKnownFileType = sourcecode.swift; path = "Locator+Dependencies.swift"; sourceTree = "<group>"; };
		9EA9A3073A3B88B6224A699C /* SignInView.swift */ = {isa = PBXFileReference; lastKnownFileType = sourcecode.swift; path = SignInView.swift; sourceTree = "<group>"; };
		A62C0E144BA5F1C4F3CBC5FF /* PlacesView.swift */ = {isa = PBXFileReference; lastKnownFileType = sourcecode.swift; path = PlacesView.swift; sourceTree = "<group>"; };
		AB59B70C205C718D519C7642 /* Assets.xcassets */ = {isa = PBXFileReference; lastKnownFileType = folder.assetcatalog; path = Assets.xcassets; sourceTree = "<group>"; };
		ABADA8DC142141024F59ED39 /* AppleSignInController.swift */ = {isa = PBXFileReference; lastKnownFileType = sourcecode.swift; path = AppleSignInController.swift; sourceTree = "<group>"; };
		B0B40F04826EF5B49BDF22AC /* AppEnvironment.swift */ = {isa = PBXFileReference; lastKnownFileType = sourcecode.swift; path = AppEnvironment.swift; sourceTree = "<group>"; };
		B223B7925BD9CBC0B75736AE /* ViewModelType.swift */ = {isa = PBXFileReference; lastKnownFileType = sourcecode.swift; path = ViewModelType.swift; sourceTree = "<group>"; };
		B5D1A64FE5CD6084FEC7DE41 /* SettingsView.swift */ = {isa = PBXFileReference; lastKnownFileType = sourcecode.swift; path = SettingsView.swift; sourceTree = "<group>"; };
		B9FFF6B5EA3E59E021557FC7 /* AppCoordinator.swift */ = {isa = PBXFileReference; lastKnownFileType = sourcecode.swift; path = AppCoordinator.swift; sourceTree = "<group>"; };
		DEBE17C4AB4E231DDA0BECE2 /* SignInCoordinator.swift */ = {isa = PBXFileReference; lastKnownFileType = sourcecode.swift; path = SignInCoordinator.swift; sourceTree = "<group>"; };
		E2B17A03BAD0630C875D422E /* SessionService.swift */ = {isa = PBXFileReference; lastKnownFileType = sourcecode.swift; path = SessionService.swift; sourceTree = "<group>"; };
		F2CCBFE8B5A8D1108A03E606 /* SupabaseAuthClient.swift */ = {isa = PBXFileReference; lastKnownFileType = sourcecode.swift; path = SupabaseAuthClient.swift; sourceTree = "<group>"; };
/* End PBXFileReference section */

/* Begin PBXGroup section */
		0DCE49F9C009DE14D73BCF5D /* Scenes */ = {
			isa = PBXGroup;
			children = (
				AA7ACA4857327AA189AAD116 /* Places */,
				99C1863E61B7B2CD6CB0EA0A /* Settings */,
				985B7C4AE9FFA90906B14DC0 /* SignIn */,
			);
			path = Scenes;
			sourceTree = "<group>";
		};
		1E02576B3DFD4728B0242229 /* Services */ = {
			isa = PBXGroup;
			children = (
				1A8354A325D7503E0C497383 /* PlacesService.swift */,
				E2B17A03BAD0630C875D422E /* SessionService.swift */,
			);
			path = Services;
			sourceTree = "<group>";
		};
		25231DD130D7B6823D3E99F5 /* Auth */ = {
			isa = PBXGroup;
			children = (
				ABADA8DC142141024F59ED39 /* AppleSignInController.swift */,
				F2CCBFE8B5A8D1108A03E606 /* SupabaseAuthClient.swift */,
			);
			path = Auth;
			sourceTree = "<group>";
		};
		35F90869B9211BD7D171D5FC /* Resources */ = {
			isa = PBXGroup;
			children = (
				AB59B70C205C718D519C7642 /* Assets.xcassets */,
				42027C5EE2F5314783AE6858 /* Here.entitlements */,
				2E333AEB139F9CEA8539440E /* Info.plist */,
			);
			path = Resources;
			sourceTree = "<group>";
		};
		7CF37A5429825D1912EA3851 /* Networking */ = {
			isa = PBXGroup;
			children = (
				6938C796147553C4DDF3E1D3 /* APIClient.swift */,
				38C9FE44A0C5B339EAB66F80 /* APIError.swift */,
			);
			path = Networking;
			sourceTree = "<group>";
		};
		8E1F58DE73866E886F1FB4FF /* Utilities */ = {
			isa = PBXGroup;
			children = (
				2D084E5E96FC76EB1A888D74 /* Keychain.swift */,
			);
			path = Utilities;
			sourceTree = "<group>";
		};
		8FD66EAFD81FE53FB9C64AC7 /* Protocols */ = {
			isa = PBXGroup;
			children = (
				5F331B60F0722E79442FC747 /* Coordinator.swift */,
				B223B7925BD9CBC0B75736AE /* ViewModelType.swift */,
			);
			path = Protocols;
			sourceTree = "<group>";
		};
		985B7C4AE9FFA90906B14DC0 /* SignIn */ = {
			isa = PBXGroup;
			children = (
				DEBE17C4AB4E231DDA0BECE2 /* SignInCoordinator.swift */,
				9EA9A3073A3B88B6224A699C /* SignInView.swift */,
				104AB8A9D599F95B08B6DA8E /* SignInViewModel.swift */,
			);
			path = SignIn;
			sourceTree = "<group>";
		};
		99C1863E61B7B2CD6CB0EA0A /* Settings */ = {
			isa = PBXGroup;
			children = (
				B5D1A64FE5CD6084FEC7DE41 /* SettingsView.swift */,
			);
			path = Settings;
			sourceTree = "<group>";
		};
		A65D4BBAAFC96147F6DE0B6C /* Here */ = {
			isa = PBXGroup;
			children = (
				E38C2F535ADA4C4A9E756D3E /* App */,
				EA9254D97082979316D2B8AF /* Common */,
				35F90869B9211BD7D171D5FC /* Resources */,
				0DCE49F9C009DE14D73BCF5D /* Scenes */,
				655F5B277C047E2279F8F0C6 /* HereApp.swift */,
			);
			path = Here;
			sourceTree = "<group>";
		};
		AA7ACA4857327AA189AAD116 /* Places */ = {
			isa = PBXGroup;
			children = (
				A62C0E144BA5F1C4F3CBC5FF /* PlacesView.swift */,
				9C37931CC09D9FCA166C26AA /* PlacesViewModel.swift */,
			);
			path = Places;
			sourceTree = "<group>";
		};
		B3782C1B231A762F7D9570BB /* Models */ = {
			isa = PBXGroup;
			children = (
				6CE9FBD6269A3D00E2DFDB18 /* Place.swift */,
			);
			path = Models;
			sourceTree = "<group>";
		};
		B9405963D79D3405B3A732B7 /* DependencyInjection */ = {
			isa = PBXGroup;
			children = (
				45AB69AC132443796527010F /* Locatable.swift */,
				7B0AE19F2AD27273AC3CBD35 /* Locator.swift */,
			);
			path = DependencyInjection;
			sourceTree = "<group>";
		};
		DB8B224C66C7CBE76AB6D583 /* Products */ = {
			isa = PBXGroup;
			children = (
				708716DA761D582AC56B1804 /* Here.app */,
			);
			name = Products;
			sourceTree = "<group>";
		};
		E38C2F535ADA4C4A9E756D3E /* App */ = {
			isa = PBXGroup;
			children = (
				B9FFF6B5EA3E59E021557FC7 /* AppCoordinator.swift */,
				B0B40F04826EF5B49BDF22AC /* AppEnvironment.swift */,
				9CE766A344C7895A04E9109D /* Locator+Dependencies.swift */,
			);
			path = App;
			sourceTree = "<group>";
		};
		EA9254D97082979316D2B8AF /* Common */ = {
			isa = PBXGroup;
			children = (
				25231DD130D7B6823D3E99F5 /* Auth */,
				B9405963D79D3405B3A732B7 /* DependencyInjection */,
				B3782C1B231A762F7D9570BB /* Models */,
				7CF37A5429825D1912EA3851 /* Networking */,
				8FD66EAFD81FE53FB9C64AC7 /* Protocols */,
				1E02576B3DFD4728B0242229 /* Services */,
				8E1F58DE73866E886F1FB4FF /* Utilities */,
			);
			path = Common;
			sourceTree = "<group>";
		};
		F17EBDB9790D3B0AACCA6354 = {
			isa = PBXGroup;
			children = (
				A65D4BBAAFC96147F6DE0B6C /* Here */,
				DB8B224C66C7CBE76AB6D583 /* Products */,
			);
			sourceTree = "<group>";
		};
/* End PBXGroup section */

/* Begin PBXNativeTarget section */
		D777571F9D10C34EC801E1BB /* Here */ = {
			isa = PBXNativeTarget;
			buildConfigurationList = A39FDAECD25143BC21FA3D63 /* Build configuration list for PBXNativeTarget "Here" */;
			buildPhases = (
				3480179C877E3D2C2F697235 /* Sources */,
				03A8E9255F5F226443D44F1A /* Resources */,
			);
			buildRules = (
			);
			dependencies = (
			);
			name = Here;
			packageProductDependencies = (
			);
			productName = Here;
			productReference = 708716DA761D582AC56B1804 /* Here.app */;
			productType = "com.apple.product-type.application";
		};
/* End PBXNativeTarget section */

/* Begin PBXProject section */
		2F2F606E0C513FA2B9C1CCE1 /* Project object */ = {
			isa = PBXProject;
			attributes = {
				BuildIndependentTargetsInParallel = YES;
				LastUpgradeCheck = 1430;
				TargetAttributes = {
					D777571F9D10C34EC801E1BB = {
						DevelopmentTeam = 7594TCUA42;
						ProvisioningStyle = Automatic;
					};
				};
			};
			buildConfigurationList = EC128DE3B7F05731BDF93F72 /* Build configuration list for PBXProject "Here" */;
			developmentRegion = en;
			hasScannedForEncodings = 0;
			knownRegions = (
				Base,
				en,
			);
			mainGroup = F17EBDB9790D3B0AACCA6354;
			minimizedProjectReferenceProxies = 1;
			preferredProjectObjectVersion = 77;
			productRefGroup = DB8B224C66C7CBE76AB6D583 /* Products */;
			projectDirPath = "";
			projectRoot = "";
			targets = (
				D777571F9D10C34EC801E1BB /* Here */,
			);
		};
/* End PBXProject section */

/* Begin PBXResourcesBuildPhase section */
		03A8E9255F5F226443D44F1A /* Resources */ = {
			isa = PBXResourcesBuildPhase;
			buildActionMask = 2147483647;
			files = (
				159CD278F9680ECDB7E30FC3 /* Assets.xcassets in Resources */,
			);
			runOnlyForDeploymentPostprocessing = 0;
		};
/* End PBXResourcesBuildPhase section */

/* Begin PBXSourcesBuildPhase section */
		3480179C877E3D2C2F697235 /* Sources */ = {
			isa = PBXSourcesBuildPhase;
			buildActionMask = 2147483647;
			files = (
				90A301C549DCD95525C42403 /* APIClient.swift in Sources */,
				BE5CFF1F314ECCF050FCED1A /* APIError.swift in Sources */,
				403FA837B8D851E7A5A959C1 /* AppCoordinator.swift in Sources */,
				AFAC62A3FA98140000BD0BB0 /* AppEnvironment.swift in Sources */,
				1883DA26CC6D753455DCFE74 /* AppleSignInController.swift in Sources */,
				6F6DB51F812DC8278F35129A /* Coordinator.swift in Sources */,
				5E0FA77884D9B44CF03AEAE2 /* HereApp.swift in Sources */,
				725180D7F9DB004E1B15DBA5 /* Keychain.swift in Sources */,
				63236C2B602E60F4BF75461C /* Locatable.swift in Sources */,
				C363EE9CE8B6697DE4464D53 /* Locator+Dependencies.swift in Sources */,
				FBCCC80B88907E73025921BA /* Locator.swift in Sources */,
				F07A38227312A43BE748C7A9 /* Place.swift in Sources */,
				F63D6E7221428EFD94E749ED /* PlacesService.swift in Sources */,
				69B062BFDC6F8949B66F717C /* PlacesView.swift in Sources */,
				1E2CEB38CA3F942643C71474 /* PlacesViewModel.swift in Sources */,
				B5795E00D75FA74BF66B1C3F /* SessionService.swift in Sources */,
				68DC3B3AE1A5A56D10F323C8 /* SettingsView.swift in Sources */,
				2400466CDBB2520444822967 /* SignInCoordinator.swift in Sources */,
				95A4C41B119979E4D8FB0FC4 /* SignInView.swift in Sources */,
				587EF34A3A7968A08D2E1C0D /* SignInViewModel.swift in Sources */,
				CA5A116CB474D199C7313D68 /* SupabaseAuthClient.swift in Sources */,
				14F0F93696A55BA22CF6489A /* ViewModelType.swift in Sources */,
			);
			runOnlyForDeploymentPostprocessing = 0;
		};
/* End PBXSourcesBuildPhase section */

/* Begin XCBuildConfiguration section */
		138D5DF5A56E31C639C691F4 /* Release */ = {
			isa = XCBuildConfiguration;
			buildSettings = {
				ASSETCATALOG_COMPILER_APPICON_NAME = AppIcon;
				ASSETCATALOG_COMPILER_GLOBAL_ACCENT_COLOR_NAME = AccentColor;
				CODE_SIGN_ENTITLEMENTS = Here/Resources/Here.entitlements;
				CODE_SIGN_IDENTITY = "iPhone Developer";
				CURRENT_PROJECT_VERSION = 1;
				INFOPLIST_FILE = Here/Resources/Info.plist;
				IPHONEOS_DEPLOYMENT_TARGET = 17.0;
				LD_RUNPATH_SEARCH_PATHS = (
					"$(inherited)",
					"@executable_path/Frameworks",
				);
				MARKETING_VERSION = 0.0.1;
				PRODUCT_BUNDLE_IDENTIFIER = fm.here.app;
				PRODUCT_NAME = Here;
				SDKROOT = iphoneos;
				SWIFT_EMIT_LOC_STRINGS = YES;
				TARGETED_DEVICE_FAMILY = "1,2";
			};
			name = Release;
		};
		6A889C253AA4ED2AA6AE0D2D /* Debug */ = {
			isa = XCBuildConfiguration;
			buildSettings = {
				ASSETCATALOG_COMPILER_APPICON_NAME = AppIcon;
				ASSETCATALOG_COMPILER_GLOBAL_ACCENT_COLOR_NAME = AccentColor;
				CODE_SIGN_ENTITLEMENTS = Here/Resources/Here.entitlements;
				CODE_SIGN_IDENTITY = "iPhone Developer";
				CURRENT_PROJECT_VERSION = 1;
				INFOPLIST_FILE = Here/Resources/Info.plist;
				IPHONEOS_DEPLOYMENT_TARGET = 17.0;
				LD_RUNPATH_SEARCH_PATHS = (
					"$(inherited)",
					"@executable_path/Frameworks",
				);
				MARKETING_VERSION = 0.0.1;
				PRODUCT_BUNDLE_IDENTIFIER = fm.here.app;
				PRODUCT_NAME = Here;
				SDKROOT = iphoneos;
				SWIFT_EMIT_LOC_STRINGS = YES;
				TARGETED_DEVICE_FAMILY = "1,2";
			};
			name = Debug;
		};
		B62EB045573350A2E12207E5 /* Debug */ = {
			isa = XCBuildConfiguration;
			buildSettings = {
				ALWAYS_SEARCH_USER_PATHS = NO;
				CLANG_ANALYZER_NONNULL = YES;
				CLANG_ANALYZER_NUMBER_OBJECT_CONVERSION = YES_AGGRESSIVE;
				CLANG_CXX_LANGUAGE_STANDARD = "gnu++14";
				CLANG_CXX_LIBRARY = "libc++";
				CLANG_ENABLE_MODULES = YES;
				CLANG_ENABLE_OBJC_ARC = YES;
				CLANG_ENABLE_OBJC_WEAK = YES;
				CLANG_WARN_BLOCK_CAPTURE_AUTORELEASING = YES;
				CLANG_WARN_BOOL_CONVERSION = YES;
				CLANG_WARN_COMMA = YES;
				CLANG_WARN_CONSTANT_CONVERSION = YES;
				CLANG_WARN_DEPRECATED_OBJC_IMPLEMENTATIONS = YES;
				CLANG_WARN_DIRECT_OBJC_ISA_USAGE = YES_ERROR;
				CLANG_WARN_DOCUMENTATION_COMMENTS = YES;
				CLANG_WARN_EMPTY_BODY = YES;
				CLANG_WARN_ENUM_CONVERSION = YES;
				CLANG_WARN_INFINITE_RECURSION = YES;
				CLANG_WARN_INT_CONVERSION = YES;
				CLANG_WARN_NON_LITERAL_NULL_CONVERSION = YES;
				CLANG_WARN_OBJC_IMPLICIT_RETAIN_SELF = YES;
				CLANG_WARN_OBJC_LITERAL_CONVERSION = YES;
				CLANG_WARN_OBJC_ROOT_CLASS = YES_ERROR;
				CLANG_WARN_QUOTED_INCLUDE_IN_FRAMEWORK_HEADER = YES;
				CLANG_WARN_RANGE_LOOP_ANALYSIS = YES;
				CLANG_WARN_STRICT_PROTOTYPES = YES;
				CLANG_WARN_SUSPICIOUS_MOVE = YES;
				CLANG_WARN_UNGUARDED_AVAILABILITY = YES_AGGRESSIVE;
				CLANG_WARN_UNREACHABLE_CODE = YES;
				CLANG_WARN__DUPLICATE_METHOD_MATCH = YES;
				CODE_SIGN_STYLE = Automatic;
				COPY_PHASE_STRIP = NO;
				DEBUG_INFORMATION_FORMAT = dwarf;
				DEVELOPMENT_TEAM = 7594TCUA42;
				ENABLE_PREVIEWS = YES;
				ENABLE_STRICT_OBJC_MSGSEND = YES;
				ENABLE_TESTABILITY = YES;
				GCC_C_LANGUAGE_STANDARD = gnu11;
				GCC_DYNAMIC_NO_PIC = NO;
				GCC_NO_COMMON_BLOCKS = YES;
				GCC_OPTIMIZATION_LEVEL = 0;
				GCC_PREPROCESSOR_DEFINITIONS = (
					"$(inherited)",
					"DEBUG=1",
				);
				GCC_WARN_64_TO_32_BIT_CONVERSION = YES;
				GCC_WARN_ABOUT_RETURN_TYPE = YES_ERROR;
				GCC_WARN_UNDECLARED_SELECTOR = YES;
				GCC_WARN_UNINITIALIZED_AUTOS = YES_AGGRESSIVE;
				GCC_WARN_UNUSED_FUNCTION = YES;
				GCC_WARN_UNUSED_VARIABLE = YES;
				IPHONEOS_DEPLOYMENT_TARGET = 17.0;
				MTL_ENABLE_DEBUG_INFO = INCLUDE_SOURCE;
				MTL_FAST_MATH = YES;
				ONLY_ACTIVE_ARCH = YES;
				PRODUCT_NAME = "$(TARGET_NAME)";
				SDKROOT = iphoneos;
				SWIFT_ACTIVE_COMPILATION_CONDITIONS = DEBUG;
				SWIFT_OPTIMIZATION_LEVEL = "-Onone";
				SWIFT_VERSION = 5.9;
				TARGETED_DEVICE_FAMILY = 1;
			};
			name = Debug;
		};
		DD7C57CFE9BEB1A04468879E /* Release */ = {
			isa = XCBuildConfiguration;
			buildSettings = {
				ALWAYS_SEARCH_USER_PATHS = NO;
				CLANG_ANALYZER_NONNULL = YES;
				CLANG_ANALYZER_NUMBER_OBJECT_CONVERSION = YES_AGGRESSIVE;
				CLANG_CXX_LANGUAGE_STANDARD = "gnu++14";
				CLANG_CXX_LIBRARY = "libc++";
				CLANG_ENABLE_MODULES = YES;
				CLANG_ENABLE_OBJC_ARC = YES;
				CLANG_ENABLE_OBJC_WEAK = YES;
				CLANG_WARN_BLOCK_CAPTURE_AUTORELEASING = YES;
				CLANG_WARN_BOOL_CONVERSION = YES;
				CLANG_WARN_COMMA = YES;
				CLANG_WARN_CONSTANT_CONVERSION = YES;
				CLANG_WARN_DEPRECATED_OBJC_IMPLEMENTATIONS = YES;
				CLANG_WARN_DIRECT_OBJC_ISA_USAGE = YES_ERROR;
				CLANG_WARN_DOCUMENTATION_COMMENTS = YES;
				CLANG_WARN_EMPTY_BODY = YES;
				CLANG_WARN_ENUM_CONVERSION = YES;
				CLANG_WARN_INFINITE_RECURSION = YES;
				CLANG_WARN_INT_CONVERSION = YES;
				CLANG_WARN_NON_LITERAL_NULL_CONVERSION = YES;
				CLANG_WARN_OBJC_IMPLICIT_RETAIN_SELF = YES;
				CLANG_WARN_OBJC_LITERAL_CONVERSION = YES;
				CLANG_WARN_OBJC_ROOT_CLASS = YES_ERROR;
				CLANG_WARN_QUOTED_INCLUDE_IN_FRAMEWORK_HEADER = YES;
				CLANG_WARN_RANGE_LOOP_ANALYSIS = YES;
				CLANG_WARN_STRICT_PROTOTYPES = YES;
				CLANG_WARN_SUSPICIOUS_MOVE = YES;
				CLANG_WARN_UNGUARDED_AVAILABILITY = YES_AGGRESSIVE;
				CLANG_WARN_UNREACHABLE_CODE = YES;
				CLANG_WARN__DUPLICATE_METHOD_MATCH = YES;
				CODE_SIGN_STYLE = Automatic;
				COPY_PHASE_STRIP = NO;
				DEBUG_INFORMATION_FORMAT = "dwarf-with-dsym";
				DEVELOPMENT_TEAM = 7594TCUA42;
				ENABLE_NS_ASSERTIONS = NO;
				ENABLE_PREVIEWS = YES;
				ENABLE_STRICT_OBJC_MSGSEND = YES;
				GCC_C_LANGUAGE_STANDARD = gnu11;
				GCC_NO_COMMON_BLOCKS = YES;
				GCC_WARN_64_TO_32_BIT_CONVERSION = YES;
				GCC_WARN_ABOUT_RETURN_TYPE = YES_ERROR;
				GCC_WARN_UNDECLARED_SELECTOR = YES;
				GCC_WARN_UNINITIALIZED_AUTOS = YES_AGGRESSIVE;
				GCC_WARN_UNUSED_FUNCTION = YES;
				GCC_WARN_UNUSED_VARIABLE = YES;
				IPHONEOS_DEPLOYMENT_TARGET = 17.0;
				MTL_ENABLE_DEBUG_INFO = NO;
				MTL_FAST_MATH = YES;
				PRODUCT_NAME = "$(TARGET_NAME)";
				SDKROOT = iphoneos;
				SWIFT_COMPILATION_MODE = wholemodule;
				SWIFT_OPTIMIZATION_LEVEL = "-O";
				SWIFT_VERSION = 5.9;
				TARGETED_DEVICE_FAMILY = 1;
			};
			name = Release;
		};
/* End XCBuildConfiguration section */

/* Begin XCConfigurationList section */
		A39FDAECD25143BC21FA3D63 /* Build configuration list for PBXNativeTarget "Here" */ = {
			isa = XCConfigurationList;
			buildConfigurations = (
				6A889C253AA4ED2AA6AE0D2D /* Debug */,
				138D5DF5A56E31C639C691F4 /* Release */,
			);
			defaultConfigurationIsVisible = 0;
			defaultConfigurationName = Debug;
		};
		EC128DE3B7F05731BDF93F72 /* Build configuration list for PBXProject "Here" */ = {
			isa = XCConfigurationList;
			buildConfigurations = (
				B62EB045573350A2E12207E5 /* Debug */,
				DD7C57CFE9BEB1A04468879E /* Release */,
			);
			defaultConfigurationIsVisible = 0;
			defaultConfigurationName = Debug;
		};
/* End XCConfigurationList section */
	};
	rootObject = 2F2F606E0C513FA2B9C1CCE1 /* Project object */;
}
